
Microsoft Visual Studio Solution File, Format Version 12.00
# Visual Studio 15
VisualStudioVersion = 15.0.26730.12
MinimumVisualStudioVersion = 10.0.40219.1
Project("{FAE04EC0-301F-11D3-BF4B-00C04F79EFBC}") = "OpenRGBWinApp", "OpenRGB\OpenRGBWinApp.csproj", "{66579E0C-3194-443F-9D72-7C695CE53954}"
EndProject
Project("{FAE04EC0-301F-11D3-BF4B-00C04F79EFBC}") = "ByteSender", "ByteSender\ByteSender.csproj", "{46A3DDCD-DBB7-4FE1-A799-476E650EA545}"
EndProject
Global
	GlobalSection(SolutionConfigurationPlatforms) = preSolution
		Debug|Any CPU = Debug|Any CPU
		Release|Any CPU = Release|Any CPU
	EndGlobalSection
	GlobalSection(ProjectConfigurationPlatforms) = postSolution
		{66579E0C-3194-443F-9D72-7C695CE53954}.Debug|Any CPU.ActiveCfg = Debug|Any CPU
		{66579E0C-3194-443F-9D72-7C695CE53954}.Debug|Any CPU.Build.0 = Debug|Any CPU
		{66579E0C-3194-443F-9D72-7C695CE53954}.Release|Any CPU.ActiveCfg = Release|Any CPU
		{66579E0C-3194-443F-9D72-7C695CE53954}.Release|Any CPU.Build.0 = Release|Any CPU
		{46A3DDCD-DBB7-4FE1-A799-476E650EA545}.Debug|Any CPU.ActiveCfg = Debug|Any CPU
		{46A3DDCD-DBB7-4FE1-A799-476E650EA545}.Debug|Any CPU.Build.0 = Debug|Any CPU
		{46A3DDCD-DBB7-4FE1-A799-476E650EA545}.Release|Any CPU.ActiveCfg = Release|Any CPU
		{46A3DDCD-DBB7-4FE1-A799-476E650EA545}.Release|Any CPU.Build.0 = Release|Any CPU
	EndGlobalSection
	GlobalSection(SolutionProperties) = preSolution
		HideSolutionNode = FALSE
	EndGlobalSection
	GlobalSection(ExtensibilityGlobals) = postSolution
		SolutionGuid = {249E4BE2-6375-4037-980D-655A27C0A7EE}
	EndGlobalSection
EndGlobal
